{
    "_meta": {
        "hash": {
            "sha256": "b15af2a57ab9a1c446ae38f2eccb8e5e0e84ddb7cc0aef0abffda677bc4aa3e4"
        },
        "pipfile-spec": 6,
        "requires": {
            "python_version": "3.9"
        },
        "sources": [
            {
                "name": "pypi",
                "url": "https://pypi.python.org/simple",
                "verify_ssl": true
            }
        ]
    },
    "default": {
        "click": {
            "hashes": [
                "sha256:d2b5255c7c6349bc1bd1e59e08cd12acbbd63ce649f2588755783aa94dfb6b1a",
                "sha256:dacca89f4bfadd5de3d7489b7c8a566eee0d3676333fbb50030263894c38c0dc"
            ],
            "index": "pypi",
            "version": "==7.1.2"
        },
        "colorlog": {
            "hashes": [
                "sha256:344f73204009e4c83c5b6beb00b3c45dc70fcdae3c80db919e0a4171d006fde8",
                "sha256:351c51e866c86c3217f08e4b067a7974a678be78f07f85fc2d55b8babde6d94e"
            ],
            "index": "pypi",
            "version": "==6.6.0"
        },
        "midiutil": {
            "hashes": [
                "sha256:79fa983bd1efc60785f68a8fe78fa8f45b8d7ec5898bf7cb7f3f7f3336d6a90a"
            ],
            "index": "pypi",
            "version": "==1.2.1"
        },
        "progress": {
            "hashes": [
                "sha256:c9c86e98b5c03fa1fe11e3b67c1feda4788b8d0fe7336c2ff7d5644ccfba34cd"
            ],
            "index": "pypi",
            "version": "==1.6"
        },
        "pyo": {
            "hashes": [
                "sha256:01822232fd5c3d6b4abb3933bdde57ecf1863e85292571a34dc32eab282d7a91",
                "sha256:082cc3e55635a65eab65a732c1228c7f04447ee6c175c3cde4a80558dea81563",
                "sha256:0af3e887d91eff167edc09d268a1dc57ad5a93a7e46dd08e317780125481e6e2",
                "sha256:0c8b41e52764abe82a56fa5bf09124a24f61e6c801b783082013b954ec037986",
                "sha256:1cdcebab5e6228ff4d66a000e84fe7b7ecf42c67b9bcd1a147f76d310a9f9bd2",
                "sha256:1e28997a83872f50a2918aaf6926b82ac38e3d9a828f52729e8c2d14dc3aedae",
                "sha256:2e0911de9b7a40c8ade36f08f91be8aaf2e83a3c44ce0df71301afee3837dde2",
                "sha256:34937eba641ed6b1c8ede1c35f30ad5e08493ec1f09352398790910bfd19d445",
                "sha256:562b86aaace423f1e60f7e3cf72b8d9b8877f34848dbb91fc711dbf33e5a0188",
                "sha256:5ea407a7677b8540519be053aad38d346cdfd1be1c2b1b4c1bc6abc9a7f816d0",
                "sha256:6b46abed0c2bc0cd9c6a9cd555594e26003409465f563bcb09930f640300e13b",
                "sha256:74a99d21c1769ce9dbf451f889e0eaba4c9cef9748a3d26d4a77232b876d1103",
                "sha256:80bb4fdffb09bb549879fbf77b01472426f3ae3be22b4e5e2a9422c5dea91f64",
                "sha256:88eaa405c9158daf6c5bd75d7fc90ab7efa686e7f145f307611333cbcd1ee7de",
                "sha256:8d7098c59e7d1b3d7677804038bf476ff5c035ab3ec7d0840716a84b437ba220",
                "sha256:c8a15d9348f087bf09d81836a11c1d2d194abcf8133b11af184c494ccf41c5d8",
                "sha256:d9eb8c0b4b6a6ef6acfecf360303eb7e33f56f186b1f34a2ce12d33009024489"
            ],
            "index": "pypi",
            "version": "==1.0.4"
        }
    },
    "develop": {
        "mypy": {
            "hashes": [
                "sha256:0038b21890867793581e4cb0d810829f5fd4441aa75796b53033af3aa30430ce",
                "sha256:1171f2e0859cfff2d366da2c7092b06130f232c636a3f7301e3feb8b41f6377d",
                "sha256:1b06268df7eb53a8feea99cbfff77a6e2b205e70bf31743e786678ef87ee8069",
                "sha256:1b65714dc296a7991000b6ee59a35b3f550e0073411ac9d3202f6516621ba66c",
                "sha256:1bf752559797c897cdd2c65f7b60c2b6969ffe458417b8d947b8340cc9cec08d",
                "sha256:300717a07ad09525401a508ef5d105e6b56646f7942eb92715a1c8d610149714",
                "sha256:3c5b42d0815e15518b1f0990cff7a705805961613e701db60387e6fb663fe78a",
                "sha256:4365c60266b95a3f216a3047f1d8e3f895da6c7402e9e1ddfab96393122cc58d",
                "sha256:50c7346a46dc76a4ed88f3277d4959de8a2bd0a0fa47fa87a4cde36fe247ac05",
                "sha256:5b56154f8c09427bae082b32275a21f500b24d93c88d69a5e82f3978018a0266",
                "sha256:74f7eccbfd436abe9c352ad9fb65872cc0f1f0a868e9d9c44db0893440f0c697",
                "sha256:7b3f6f557ba4afc7f2ce6d3215d5db279bcf120b3cfd0add20a5d4f4abdae5bc",
                "sha256:8c11003aaeaf7cc2d0f1bc101c1cc9454ec4cc9cb825aef3cafff8a5fdf4c799",
                "sha256:8ca7f8c4b1584d63c9a0f827c37ba7a47226c19a23a753d52e5b5eddb201afcd",
                "sha256:c89702cac5b302f0c5d33b172d2b55b5df2bede3344a2fbed99ff96bddb2cf00",
                "sha256:d8f1ff62f7a879c9fe5917b3f9eb93a79b78aad47b533911b853a757223f72e7",
                "sha256:d9d2b84b2007cea426e327d2483238f040c49405a6bf4074f605f0156c91a47a",
                "sha256:e839191b8da5b4e5d805f940537efcaa13ea5dd98418f06dc585d2891d228cf0",
                "sha256:f9fe20d0872b26c4bba1c1be02c5340de1019530302cf2dcc85c7f9fc3252ae0",
                "sha256:ff3bf387c14c805ab1388185dd22d6b210824e164d4bb324b195ff34e322d166"
            ],
            "index": "pypi",
            "version": "==0.931"
        },
        "mypy-extensions": {
            "hashes": [
                "sha256:090fedd75945a69ae91ce1303b5824f428daf5a028d2f6ab8a299250a846f15d",
                "sha256:2d82818f5bb3e369420cb3c4060a7970edba416647068eb4c5343488a6c604a8"
            ],
            "version": "==0.4.3"
        },
        "tomli": {
            "hashes": [
                "sha256:b5bde28da1fed24b9bd1d4d2b8cba62300bfb4ec9a6187a957e8ddb9434c5224",
                "sha256:c292c34f58502a1eb2bbb9f5bbc9a5ebc37bee10ffb8c2d6bbdfa8eb13cc14e1"
            ],
            "version": "==2.0.0"
        },
        "typing-extensions": {
            "hashes": [
                "sha256:4ca091dea149f945ec56afb48dae714f21e8692ef22a395223bcd328961b6a0e",
                "sha256:7f001e5ac290a0c0401508864c7ec868be4e701886d5b573a9528ed3973d9d3b"
            ],
            "version": "==4.0.1"
        }
    }
}
